
Microsoft Visual Studio Solution File, Format Version 12.00
# Visual Studio 15
VisualStudioVersion = 15.0.28307.106
MinimumVisualStudioVersion = 10.0.40219.1
Project("{FAE04EC0-301F-11D3-BF4B-00C04F79EFBC}") = "LightsOut", "LightsOut\LightsOut.csproj", "{CBBE95D1-94FB-45A3-9C6D-CD1C644EC700}"
EndProject
Global
	GlobalSection(SolutionConfigurationPlatforms) = preSolution
		Debug|Any CPU = Debug|Any CPU
		Release|Any CPU = Release|Any CPU
	EndGlobalSection
	GlobalSection(ProjectConfigurationPlatforms) = postSolution
		{CBBE95D1-94FB-45A3-9C6D-CD1C644EC700}.Debug|Any CPU.ActiveCfg = Debug|Any CPU
		{CBBE95D1-94FB-45A3-9C6D-CD1C644EC700}.Debug|Any CPU.Build.0 = Debug|Any CPU
		{CBBE95D1-94FB-45A3-9C6D-CD1C644EC700}.Release|Any CPU.ActiveCfg = Release|Any CPU
		{CBBE95D1-94FB-45A3-9C6D-CD1C644EC700}.Release|Any CPU.Build.0 = Release|Any CPU
	EndGlobalSection
	GlobalSection(SolutionProperties) = preSolution
		HideSolutionNode = FALSE
	EndGlobalSection
	GlobalSection(ExtensibilityGlobals) = postSolution
		SolutionGuid = {47DCCE78-28EE-489F-BECA-ED25B3FACEB8}
	EndGlobalSection
EndGlobal
